{
  "version": 4,
  "terraform_version": "1.3.7",
  "serial": 40,
  "lineage": "698bc134-5063-1aba-875d-1d1ca2c744f3",
  "outputs": {
    "jenkins_ip": {
      "value": "161.35.154.169",
      "type": "string"
    }
  },
  "resources": [
    {
      "mode": "data",
      "type": "digitalocean_ssh_key",
      "name": "ssh_key",
      "provider": "provider[\"registry.terraform.io/digitalocean/digitalocean\"]",
      "instances": [
        {
          "schema_version": 0,
          "attributes": {
            "fingerprint": "ec:8f:21:91:2f:04:18:78:23:47:1f:f8:25:4c:19:36",
            "id": 37358537,
            "name": "terraform",
            "public_key": "ssh-rsa AAAAB3NzaC1yc2EAAAADAQABAAABAQCuGv5+s9r5lqGFw1Vspz7/0JudiNEL/N4OxfGipjffzqRwww8oZAUv5Yo+kbpI7AA30sypZTcecbdngoEwexpV6YSEr1bC1eITZoOaSCKp/0YjqokjjpK95okJrfzXg/O5L3zABp0IzcLRv2m8FSLJl83bSRI1C8KWdP+fW6L8FPYOPxCcSAQ4W0YQ5PKRWZmw0tQ00IXLlLgQmbiBI3WYtViQWo3MNrnqmvu5Cybtu9Su2BdpA2Qw8NfCyAqpvI62CeQitlPSketSDk9/hS7nW9JJR3WVg47DYz8TJwGWFcqcr52KZO78er7Ll/MAOaPlZvAVN3H4mEDD/vc261jb fabiosilva@viking"
          },
          "sensitive_attributes": []
        }
      ]
    },
    {
      "mode": "managed",
      "type": "digitalocean_droplet",
      "name": "jenkins",
      "provider": "provider[\"registry.terraform.io/digitalocean/digitalocean\"]",
      "instances": [
        {
          "schema_version": 1,
          "attributes": {
            "backups": false,
            "created_at": "2023-01-28T16:12:39Z",
            "disk": 60,
            "droplet_agent": null,
            "graceful_shutdown": false,
            "id": "337995284",
            "image": "ubuntu-22-04-x64",
            "ipv4_address": "161.35.154.169",
            "ipv4_address_private": "10.110.0.2",
            "ipv6": false,
            "ipv6_address": "",
            "locked": false,
            "memory": 2048,
            "monitoring": false,
            "name": "jenkins",
            "price_hourly": 0.02679,
            "price_monthly": 18,
            "private_networking": true,
            "region": "ams3",
            "resize_disk": true,
            "size": "s-2vcpu-2gb",
            "ssh_keys": [
              "37358537"
            ],
            "status": "active",
            "tags": null,
            "timeouts": null,
            "urn": "do:droplet:337995284",
            "user_data": null,
            "vcpus": 2,
            "volume_ids": [],
            "vpc_uuid": "a118fbd6-bb49-4dde-873b-6bcde883ffb0"
          },
          "sensitive_attributes": [],
          "private": "eyJlMmJmYjczMC1lY2FhLTExZTYtOGY4OC0zNDM2M2JjN2M0YzAiOnsiY3JlYXRlIjozNjAwMDAwMDAwMDAwLCJkZWxldGUiOjYwMDAwMDAwMDAwLCJ1cGRhdGUiOjM2MDAwMDAwMDAwMDB9LCJzY2hlbWFfdmVyc2lvbiI6IjEifQ==",
          "dependencies": [
            "data.digitalocean_ssh_key.ssh_key"
          ]
        }
      ]
    },
    {
      "mode": "managed",
      "type": "local_file",
      "name": "foo",
      "provider": "provider[\"registry.terraform.io/hashicorp/local\"]",
      "instances": []
    }
  ],
  "check_results": null
}
