{
  "version": 4,
  "terraform_version": "1.3.7",
  "serial": 9,
  "lineage": "698bc134-5063-1aba-875d-1d1ca2c744f3",
  "outputs": {},
  "resources": [
    {
      "mode": "data",
      "type": "digitalocean_ssh_key",
      "name": "ssh_key",
      "provider": "provider[\"registry.terraform.io/digitalocean/digitalocean\"]",
      "instances": [
        {
          "schema_version": 0,
          "attributes": {
            "fingerprint": "ec:8f:21:91:2f:04:18:78:23:47:1f:f8:25:4c:19:36",
            "id": 37358537,
            "name": "terraform",
            "public_key": "ssh-rsa AAAAB3NzaC1yc2EAAAADAQABAAABAQCuGv5+s9r5lqGFw1Vspz7/0JudiNEL/N4OxfGipjffzqRwww8oZAUv5Yo+kbpI7AA30sypZTcecbdngoEwexpV6YSEr1bC1eITZoOaSCKp/0YjqokjjpK95okJrfzXg/O5L3zABp0IzcLRv2m8FSLJl83bSRI1C8KWdP+fW6L8FPYOPxCcSAQ4W0YQ5PKRWZmw0tQ00IXLlLgQmbiBI3WYtViQWo3MNrnqmvu5Cybtu9Su2BdpA2Qw8NfCyAqpvI62CeQitlPSketSDk9/hS7nW9JJR3WVg47DYz8TJwGWFcqcr52KZO78er7Ll/MAOaPlZvAVN3H4mEDD/vc261jb fabiosilva@viking"
          },
          "sensitive_attributes": []
        }
      ]
    },
    {
      "mode": "managed",
      "type": "digitalocean_droplet",
      "name": "jenkins",
      "provider": "provider[\"registry.terraform.io/digitalocean/digitalocean\"]",
      "instances": [
        {
          "schema_version": 1,
          "attributes": {
            "backups": false,
            "created_at": "2023-01-26T02:34:35Z",
            "disk": 60,
            "droplet_agent": null,
            "graceful_shutdown": false,
            "id": "337557099",
            "image": "ubuntu-22-04-x64",
            "ipv4_address": "167.99.218.59",
            "ipv4_address_private": "10.110.0.2",
            "ipv6": false,
            "ipv6_address": "",
            "locked": false,
            "memory": 2048,
            "monitoring": false,
            "name": "jenkins",
            "price_hourly": 0.02679,
            "price_monthly": 18,
            "private_networking": true,
            "region": "ams3",
            "resize_disk": true,
            "size": "s-2vcpu-2gb",
            "ssh_keys": [
              "37358537"
            ],
            "status": "active",
            "tags": [],
            "timeouts": null,
            "urn": "do:droplet:337557099",
            "user_data": null,
            "vcpus": 2,
            "volume_ids": [],
            "vpc_uuid": "a118fbd6-bb49-4dde-873b-6bcde883ffb0"
          },
          "sensitive_attributes": [],
          "private": "eyJlMmJmYjczMC1lY2FhLTExZTYtOGY4OC0zNDM2M2JjN2M0YzAiOnsiY3JlYXRlIjozNjAwMDAwMDAwMDAwLCJkZWxldGUiOjYwMDAwMDAwMDAwLCJ1cGRhdGUiOjM2MDAwMDAwMDAwMDB9LCJzY2hlbWFfdmVyc2lvbiI6IjEifQ==",
          "dependencies": [
            "data.digitalocean_ssh_key.ssh_key"
          ]
        }
      ]
    },
    {
      "mode": "managed",
      "type": "digitalocean_kubernetes_cluster",
      "name": "k8s",
      "provider": "provider[\"registry.terraform.io/digitalocean/digitalocean\"]",
      "instances": [
        {
          "schema_version": 3,
          "attributes": {
            "auto_upgrade": false,
            "cluster_subnet": "10.244.0.0/16",
            "created_at": "2023-01-26 02:49:34 +0000 UTC",
            "endpoint": "https://4c21ee9e-c015-4635-9dcf-45ed26fb89f2.k8s.ondigitalocean.com",
            "ha": false,
            "id": "4c21ee9e-c015-4635-9dcf-45ed26fb89f2",
            "ipv4_address": "",
            "kube_config": [
              {
                "client_certificate": "",
                "client_key": "",
                "cluster_ca_certificate": "LS0tLS1CRUdJTiBDRVJUSUZJQ0FURS0tLS0tCk1JSURKekNDQWcrZ0F3SUJBZ0lDQm5Vd0RRWUpLb1pJaHZjTkFRRUxCUUF3TXpFVk1CTUdBMVVFQ2hNTVJHbG4KYVhSaGJFOWpaV0Z1TVJvd0dBWURWUVFERXhGck9ITmhZWE1nUTJ4MWMzUmxjaUJEUVRBZUZ3MHlNekF4TWpZdwpNalE1TkRKYUZ3MDBNekF4TWpZd01qUTVOREphTURNeEZUQVRCZ05WQkFvVERFUnBaMmwwWVd4UFkyVmhiakVhCk1CZ0dBMVVFQXhNUmF6aHpZV0Z6SUVOc2RYTjBaWElnUTBFd2dnRWlNQTBHQ1NxR1NJYjNEUUVCQVFVQUE0SUIKRHdBd2dnRUtBb0lCQVFER3NUM1VoOVl0Ukk1L3hjdUhCVy84bFJaR0FIT1hvSHFnSEphcGxzQlFnbnU5U1dxRgpFeDNPanhpNUlBcEJLSGFPaTBDczhFaDJGZXg4TzE0S2JDcUN3Z0NaTFJUQitabFc3OHREQ2dYYS9tSmJpd0tRCjhCOUNIQkVSTXFtMTFoWUVYUE13YkVZRVlNTkNhZ2xnWWFUL2gzRGFoT3VuTmxDRS9tSHI5V2JiblBRNGhKNEkKWFQzemM4SzZLUUx2Mm5KRFVYNEsxVGcyanZjbnBMZ1Y0UmZ0N2t0cWRWRkJ6WTlJSWNWNk14MUEzZEt0dXhxbgpUVmhacUJhRTNLQUg1OXZ2ajVUL0dpdDRzSnJkamVTd1ZvOUR3RVpycmJ1ZUV2bUE1YlZGdHp0TGhISUxwRUc1CjJMRVFBUnJOSE4zbWwwbW1HV1JqZVIxTlo4a3ZSbzBiM2dMdEFnTUJBQUdqUlRCRE1BNEdBMVVkRHdFQi93UUUKQXdJQmhqQVNCZ05WSFJNQkFmOEVDREFHQVFIL0FnRUFNQjBHQTFVZERnUVdCQlJBaW40SWJ0VUc1cGFMTGV1WAplWktDWm5WRytUQU5CZ2txaGtpRzl3MEJBUXNGQUFPQ0FRRUFrT1A5QTlGQXZUc09pSkQyUVRJUzdHUTNRRU1yCm5qRTRsZHphcGloc2VZVHJmZHJVVFlMS1J5K2s2Qm81eUJ1TmhSSmN1dktpVDBRS0Q5aVJ4WU1BeS8zc1ZWdUMKV1pOVnFNSjd3ejJoNnE3dWJ5V0tKaWdyQ3E1QTZnV0VMeHZQb2F6Tm1ZOXJpVTRmY00vMEs5a2R6LzFhQmRiRQpuZmVTR1ZXdFhlamRFRlhRWE5SVFhXM09pd0FqWFliV2g4cjB0U1BEUTR6dllKVEJTeERGVS9WdjdyK0xPZzhTCnRrOEIxMzE1TjVIbU12YWJBb3grajJlRC9tQ2tVU1NwRWtDRGVuTVYwOFRwS053S216SGtacEE3Q0pNc1oyQjcKWTcrQmJnNXQzNzdMVHN2dWwzcDQvclcwS0hWbkVYVURDWW02ZllYK2hLeG1BUEhseHpLSWcwcERoQT09Ci0tLS0tRU5EIENFUlRJRklDQVRFLS0tLS0K",
                "expires_at": "2023-02-02T02:55:15Z",
                "host": "https://4c21ee9e-c015-4635-9dcf-45ed26fb89f2.k8s.ondigitalocean.com",
                "raw_config": "apiVersion: v1\nkind: Config\nclusters:\n- cluster:\n    certificate-authority-data: LS0tLS1CRUdJTiBDRVJUSUZJQ0FURS0tLS0tCk1JSURKekNDQWcrZ0F3SUJBZ0lDQm5Vd0RRWUpLb1pJaHZjTkFRRUxCUUF3TXpFVk1CTUdBMVVFQ2hNTVJHbG4KYVhSaGJFOWpaV0Z1TVJvd0dBWURWUVFERXhGck9ITmhZWE1nUTJ4MWMzUmxjaUJEUVRBZUZ3MHlNekF4TWpZdwpNalE1TkRKYUZ3MDBNekF4TWpZd01qUTVOREphTURNeEZUQVRCZ05WQkFvVERFUnBaMmwwWVd4UFkyVmhiakVhCk1CZ0dBMVVFQXhNUmF6aHpZV0Z6SUVOc2RYTjBaWElnUTBFd2dnRWlNQTBHQ1NxR1NJYjNEUUVCQVFVQUE0SUIKRHdBd2dnRUtBb0lCQVFER3NUM1VoOVl0Ukk1L3hjdUhCVy84bFJaR0FIT1hvSHFnSEphcGxzQlFnbnU5U1dxRgpFeDNPanhpNUlBcEJLSGFPaTBDczhFaDJGZXg4TzE0S2JDcUN3Z0NaTFJUQitabFc3OHREQ2dYYS9tSmJpd0tRCjhCOUNIQkVSTXFtMTFoWUVYUE13YkVZRVlNTkNhZ2xnWWFUL2gzRGFoT3VuTmxDRS9tSHI5V2JiblBRNGhKNEkKWFQzemM4SzZLUUx2Mm5KRFVYNEsxVGcyanZjbnBMZ1Y0UmZ0N2t0cWRWRkJ6WTlJSWNWNk14MUEzZEt0dXhxbgpUVmhacUJhRTNLQUg1OXZ2ajVUL0dpdDRzSnJkamVTd1ZvOUR3RVpycmJ1ZUV2bUE1YlZGdHp0TGhISUxwRUc1CjJMRVFBUnJOSE4zbWwwbW1HV1JqZVIxTlo4a3ZSbzBiM2dMdEFnTUJBQUdqUlRCRE1BNEdBMVVkRHdFQi93UUUKQXdJQmhqQVNCZ05WSFJNQkFmOEVDREFHQVFIL0FnRUFNQjBHQTFVZERnUVdCQlJBaW40SWJ0VUc1cGFMTGV1WAplWktDWm5WRytUQU5CZ2txaGtpRzl3MEJBUXNGQUFPQ0FRRUFrT1A5QTlGQXZUc09pSkQyUVRJUzdHUTNRRU1yCm5qRTRsZHphcGloc2VZVHJmZHJVVFlMS1J5K2s2Qm81eUJ1TmhSSmN1dktpVDBRS0Q5aVJ4WU1BeS8zc1ZWdUMKV1pOVnFNSjd3ejJoNnE3dWJ5V0tKaWdyQ3E1QTZnV0VMeHZQb2F6Tm1ZOXJpVTRmY00vMEs5a2R6LzFhQmRiRQpuZmVTR1ZXdFhlamRFRlhRWE5SVFhXM09pd0FqWFliV2g4cjB0U1BEUTR6dllKVEJTeERGVS9WdjdyK0xPZzhTCnRrOEIxMzE1TjVIbU12YWJBb3grajJlRC9tQ2tVU1NwRWtDRGVuTVYwOFRwS053S216SGtacEE3Q0pNc1oyQjcKWTcrQmJnNXQzNzdMVHN2dWwzcDQvclcwS0hWbkVYVURDWW02ZllYK2hLeG1BUEhseHpLSWcwcERoQT09Ci0tLS0tRU5EIENFUlRJRklDQVRFLS0tLS0K\n    server: https://4c21ee9e-c015-4635-9dcf-45ed26fb89f2.k8s.ondigitalocean.com\n  name: do-ams3-k8s\ncontexts:\n- context:\n    cluster: do-ams3-k8s\n    user: do-ams3-k8s-admin\n  name: do-ams3-k8s\ncurrent-context: do-ams3-k8s\nusers:\n- name: do-ams3-k8s-admin\n  user:\n    token: dop_v1_5776ec11bbd5cd4748f85455057506f94cfa4cdc058cf549ae0a1983d2bc2df8\n",
                "token": "dop_v1_5776ec11bbd5cd4748f85455057506f94cfa4cdc058cf549ae0a1983d2bc2df8"
              }
            ],
            "maintenance_policy": [
              {
                "day": "any",
                "duration": "4h0m0s",
                "start_time": "3:00"
              }
            ],
            "name": "k8s",
            "node_pool": [
              {
                "actual_node_count": 2,
                "auto_scale": false,
                "id": "dddeee14-ea0e-4860-9421-12453fdc4ffd",
                "labels": {},
                "max_nodes": 0,
                "min_nodes": 0,
                "name": "default",
                "node_count": 2,
                "nodes": [
                  {
                    "created_at": "2023-01-26 02:49:34 +0000 UTC",
                    "droplet_id": "337558609",
                    "id": "7647f4c7-ec4b-46e0-bd68-3acbecf9da6a",
                    "name": "default-m9yuk",
                    "status": "running",
                    "updated_at": "2023-01-26 02:51:44 +0000 UTC"
                  },
                  {
                    "created_at": "2023-01-26 02:49:34 +0000 UTC",
                    "droplet_id": "337558608",
                    "id": "5d7e5488-67cb-4340-afd5-4cb824a244f9",
                    "name": "default-m9yuh",
                    "status": "running",
                    "updated_at": "2023-01-26 02:51:44 +0000 UTC"
                  }
                ],
                "size": "s-2vcpu-2gb",
                "tags": [],
                "taint": []
              }
            ],
            "region": "ams3",
            "service_subnet": "10.245.0.0/16",
            "status": "running",
            "surge_upgrade": true,
            "tags": [],
            "timeouts": null,
            "updated_at": "2023-01-26 02:55:06 +0000 UTC",
            "urn": "do:kubernetes:4c21ee9e-c015-4635-9dcf-45ed26fb89f2",
            "version": "1.24.8-do.0",
            "vpc_uuid": "a118fbd6-bb49-4dde-873b-6bcde883ffb0"
          },
          "sensitive_attributes": [],
          "private": "eyJlMmJmYjczMC1lY2FhLTExZTYtOGY4OC0zNDM2M2JjN2M0YzAiOnsiY3JlYXRlIjoxODAwMDAwMDAwMDAwfSwic2NoZW1hX3ZlcnNpb24iOiIzIn0="
        }
      ]
    }
  ],
  "check_results": null
}
